// !$*UTF8*$!
{
	archiveVersion = 1;
	classes = {
	};
	objectVersion = 46;
	objects = {

/* Begin PBXBuildFile section */
		4418C8FE1E0BE11A00A46629 /* Level_four_itemThreeCell.m in Sources */ = {isa = PBXBuildFile; fileRef = 4418C8FD1E0BE11A00A46629 /* Level_four_itemThreeCell.m */; };
		44AEE9AC1DFF986C0049E704 /* main.m in Sources */ = {isa = PBXBuildFile; fileRef = 44AEE9AB1DFF986C0049E704 /* main.m */; };
		44AEE9B71DFF986C0049E704 /* Assets.xcassets in Resources */ = {isa = PBXBuildFile; fileRef = 44AEE9B61DFF986C0049E704 /* Assets.xcassets */; };
		44AEE9BA1DFF986C0049E704 /* LaunchScreen.storyboard in Resources */ = {isa = PBXBuildFile; fileRef = 44AEE9B81DFF986C0049E704 /* LaunchScreen.storyboard */; };
		44AEE9C51DFF986C0049E704 /* Demo_DateTests.m in Sources */ = {isa = PBXBuildFile; fileRef = 44AEE9C41DFF986C0049E704 /* Demo_DateTests.m */; };
		44AEEA5B1DFF9AE10049E704 /* AppDelegate.m in Sources */ = {isa = PBXBuildFile; fileRef = 44AEEA5A1DFF9AE10049E704 /* AppDelegate.m */; };
		44AEEA5E1DFF9AF20049E704 /* MCMainViewController.m in Sources */ = {isa = PBXBuildFile; fileRef = 44AEEA5D1DFF9AF20049E704 /* MCMainViewController.m */; };
		44AEEA7A1DFF9B150049E704 /* Info.plist in Resources */ = {isa = PBXBuildFile; fileRef = 44AEEA601DFF9B150049E704 /* Info.plist */; };
		44AEEA7B1DFF9B150049E704 /* MASCompositeConstraint.m in Sources */ = {isa = PBXBuildFile; fileRef = 44AEEA621DFF9B150049E704 /* MASCompositeConstraint.m */; };
		44AEEA7C1DFF9B150049E704 /* MASConstraint.m in Sources */ = {isa = PBXBuildFile; fileRef = 44AEEA651DFF9B150049E704 /* MASConstraint.m */; };
		44AEEA7D1DFF9B150049E704 /* MASConstraintMaker.m in Sources */ = {isa = PBXBuildFile; fileRef = 44AEEA671DFF9B150049E704 /* MASConstraintMaker.m */; };
		44AEEA7E1DFF9B150049E704 /* MASLayoutConstraint.m in Sources */ = {isa = PBXBuildFile; fileRef = 44AEEA691DFF9B150049E704 /* MASLayoutConstraint.m */; };
		44AEEA7F1DFF9B150049E704 /* MASViewAttribute.m in Sources */ = {isa = PBXBuildFile; fileRef = 44AEEA6D1DFF9B150049E704 /* MASViewAttribute.m */; };
		44AEEA801DFF9B150049E704 /* MASViewConstraint.m in Sources */ = {isa = PBXBuildFile; fileRef = 44AEEA6F1DFF9B150049E704 /* MASViewConstraint.m */; };
		44AEEA811DFF9B150049E704 /* NSArray+MASAdditions.m in Sources */ = {isa = PBXBuildFile; fileRef = 44AEEA711DFF9B150049E704 /* NSArray+MASAdditions.m */; };
		44AEEA821DFF9B150049E704 /* NSLayoutConstraint+MASDebugAdditions.m in Sources */ = {isa = PBXBuildFile; fileRef = 44AEEA741DFF9B150049E704 /* NSLayoutConstraint+MASDebugAdditions.m */; };
		44AEEA831DFF9B150049E704 /* View+MASAdditions.m in Sources */ = {isa = PBXBuildFile; fileRef = 44AEEA761DFF9B150049E704 /* View+MASAdditions.m */; };
		44AEEA841DFF9B150049E704 /* ViewController+MASAdditions.m in Sources */ = {isa = PBXBuildFile; fileRef = 44AEEA791DFF9B150049E704 /* ViewController+MASAdditions.m */; };
		44AEEA871DFF9BEC0049E704 /* Level_oneViewController.m in Sources */ = {isa = PBXBuildFile; fileRef = 44AEEA861DFF9BEC0049E704 /* Level_oneViewController.m */; };
		44AEEA8A1DFF9F730049E704 /* Level_twoViewController.m in Sources */ = {isa = PBXBuildFile; fileRef = 44AEEA891DFF9F730049E704 /* Level_twoViewController.m */; };
		44AEEA8D1DFF9F810049E704 /* Level_threeViewController.m in Sources */ = {isa = PBXBuildFile; fileRef = 44AEEA8C1DFF9F810049E704 /* Level_threeViewController.m */; };
		44AEEA901DFF9F8D0049E704 /* Level_fourViewController.m in Sources */ = {isa = PBXBuildFile; fileRef = 44AEEA8F1DFF9F8D0049E704 /* Level_fourViewController.m */; };
		44AEEA931DFFC59E0049E704 /* Level_one_itemOneViewController.m in Sources */ = {isa = PBXBuildFile; fileRef = 44AEEA921DFFC59E0049E704 /* Level_one_itemOneViewController.m */; };
		44AEEA961DFFCAEA0049E704 /* Level_one_itemTwoViewController.m in Sources */ = {isa = PBXBuildFile; fileRef = 44AEEA951DFFCAEA0049E704 /* Level_one_itemTwoViewController.m */; };
		44AEEA991DFFCF4F0049E704 /* Level_two_itemOneViewController.m in Sources */ = {isa = PBXBuildFile; fileRef = 44AEEA981DFFCF4F0049E704 /* Level_two_itemOneViewController.m */; };
		44AEEA9C1DFFDDA20049E704 /* Level_two_itemTwoViewController.m in Sources */ = {isa = PBXBuildFile; fileRef = 44AEEA9B1DFFDDA20049E704 /* Level_two_itemTwoViewController.m */; };
		44AEEAA21DFFEB1C0049E704 /* Level_two_itemThreeViewController.m in Sources */ = {isa = PBXBuildFile; fileRef = 44AEEAA11DFFEB1C0049E704 /* Level_two_itemThreeViewController.m */; };
		44AEEAA51DFFEFD60049E704 /* Level_two_itemFourViewController.m in Sources */ = {isa = PBXBuildFile; fileRef = 44AEEAA41DFFEFD60049E704 /* Level_two_itemFourViewController.m */; };
		44AEEAA81DFFF5E20049E704 /* Level_two_itemFiveViewController.m in Sources */ = {isa = PBXBuildFile; fileRef = 44AEEAA71DFFF5E20049E704 /* Level_two_itemFiveViewController.m */; };
		44AEEAAB1E00092D0049E704 /* Level_two_itemSixViewController.m in Sources */ = {isa = PBXBuildFile; fileRef = 44AEEAAA1E00092D0049E704 /* Level_two_itemSixViewController.m */; };
		44AEEAB41E0150160049E704 /* Level_three_itemOneViewController.m in Sources */ = {isa = PBXBuildFile; fileRef = 44AEEAB31E0150160049E704 /* Level_three_itemOneViewController.m */; };
		44AEEAB71E01501F0049E704 /* Level_three_itemTwoViewController.m in Sources */ = {isa = PBXBuildFile; fileRef = 44AEEAB61E01501F0049E704 /* Level_three_itemTwoViewController.m */; };
		44C872561E07C9E200E72898 /* Level_four_itemOneViewController.m in Sources */ = {isa = PBXBuildFile; fileRef = 44C872551E07C9E200E72898 /* Level_four_itemOneViewController.m */; };
		44C872591E07C9EF00E72898 /* Level_four_itemTwoViewController.m in Sources */ = {isa = PBXBuildFile; fileRef = 44C872581E07C9EF00E72898 /* Level_four_itemTwoViewController.m */; };
		44C8725C1E07DA2200E72898 /* Level_four_itemThreeViewController.m in Sources */ = {isa = PBXBuildFile; fileRef = 44C8725B1E07DA2200E72898 /* Level_four_itemThreeViewController.m */; };
		44C872621E07E19600E72898 /* CountDown.m in Sources */ = {isa = PBXBuildFile; fileRef = 44C872611E07E19600E72898 /* CountDown.m */; };
/* End PBXBuildFile section */

/* Begin PBXContainerItemProxy section */
		44AEE9C11DFF986C0049E704 /* PBXContainerItemProxy */ = {
			isa = PBXContainerItemProxy;
			containerPortal = 44AEE99F1DFF986C0049E704 /* Project object */;
			proxyType = 1;
			remoteGlobalIDString = 44AEE9A61DFF986C0049E704;
			remoteInfo = Demo_Date;
		};
/* End PBXContainerItemProxy section */

/* Begin PBXFileReference section */
		4418C8FC1E0BE11A00A46629 /* Level_four_itemThreeCell.h */ = {isa = PBXFileReference; fileEncoding = 4; lastKnownFileType = sourcecode.c.h; path = Level_four_itemThreeCell.h; sourceTree = "<group>"; };
		4418C8FD1E0BE11A00A46629 /* Level_four_itemThreeCell.m */ = {isa = PBXFileReference; fileEncoding = 4; lastKnownFileType = sourcecode.c.objc; path = Level_four_itemThreeCell.m; sourceTree = "<group>"; };
		44AEE9A71DFF986C0049E704 /* Demo_Date.app */ = {isa = PBXFileReference; explicitFileType = wrapper.application; includeInIndex = 0; path = Demo_Date.app; sourceTree = BUILT_PRODUCTS_DIR; };
		44AEE9AB1DFF986C0049E704 /* main.m */ = {isa = PBXFileReference; lastKnownFileType = sourcecode.c.objc; path = main.m; sourceTree = "<group>"; };
		44AEE9B61DFF986C0049E704 /* Assets.xcassets */ = {isa = PBXFileReference; lastKnownFileType = folder.assetcatalog; path = Assets.xcassets; sourceTree = "<group>"; };
		44AEE9B91DFF986C0049E704 /* Base */ = {isa = PBXFileReference; lastKnownFileType = file.storyboard; name = Base; path = Base.lproj/LaunchScreen.storyboard; sourceTree = "<group>"; };
		44AEE9BB1DFF986C0049E704 /* Info.plist */ = {isa = PBXFileReference; lastKnownFileType = text.plist.xml; path = Info.plist; sourceTree = "<group>"; };
		44AEE9C01DFF986C0049E704 /* Demo_DateTests.xctest */ = {isa = PBXFileReference; explicitFileType = wrapper.cfbundle; includeInIndex = 0; path = Demo_DateTests.xctest; sourceTree = BUILT_PRODUCTS_DIR; };
		44AEE9C41DFF986C0049E704 /* Demo_DateTests.m */ = {isa = PBXFileReference; lastKnownFileType = sourcecode.c.objc; path = Demo_DateTests.m; sourceTree = "<group>"; };
		44AEE9C61DFF986C0049E704 /* Info.plist */ = {isa = PBXFileReference; lastKnownFileType = text.plist.xml; path = Info.plist; sourceTree = "<group>"; };
		44AEEA591DFF9AE10049E704 /* AppDelegate.h */ = {isa = PBXFileReference; fileEncoding = 4; lastKnownFileType = sourcecode.c.h; path = AppDelegate.h; sourceTree = "<group>"; };
		44AEEA5A1DFF9AE10049E704 /* AppDelegate.m */ = {isa = PBXFileReference; fileEncoding = 4; lastKnownFileType = sourcecode.c.objc; path = AppDelegate.m; sourceTree = "<group>"; };
		44AEEA5C1DFF9AF20049E704 /* MCMainViewController.h */ = {isa = PBXFileReference; fileEncoding = 4; lastKnownFileType = sourcecode.c.h; path = MCMainViewController.h; sourceTree = "<group>"; };
		44AEEA5D1DFF9AF20049E704 /* MCMainViewController.m */ = {isa = PBXFileReference; fileEncoding = 4; lastKnownFileType = sourcecode.c.objc; path = MCMainViewController.m; sourceTree = "<group>"; };
		44AEEA601DFF9B150049E704 /* Info.plist */ = {isa = PBXFileReference; fileEncoding = 4; lastKnownFileType = text.plist.xml; path = Info.plist; sourceTree = "<group>"; };
		44AEEA611DFF9B150049E704 /* MASCompositeConstraint.h */ = {isa = PBXFileReference; fileEncoding = 4; lastKnownFileType = sourcecode.c.h; path = MASCompositeConstraint.h; sourceTree = "<group>"; };
		44AEEA621DFF9B150049E704 /* MASCompositeConstraint.m */ = {isa = PBXFileReference; fileEncoding = 4; lastKnownFileType = sourcecode.c.objc; path = MASCompositeConstraint.m; sourceTree = "<group>"; };
		44AEEA631DFF9B150049E704 /* MASConstraint+Private.h */ = {isa = PBXFileReference; fileEncoding = 4; lastKnownFileType = sourcecode.c.h; path = "MASConstraint+Private.h"; sourceTree = "<group>"; };
		44AEEA641DFF9B150049E704 /* MASConstraint.h */ = {isa = PBXFileReference; fileEncoding = 4; lastKnownFileType = sourcecode.c.h; path = MASConstraint.h; sourceTree = "<group>"; };
		44AEEA651DFF9B150049E704 /* MASConstraint.m */ = {isa = PBXFileReference; fileEncoding = 4; lastKnownFileType = sourcecode.c.objc; path = MASConstraint.m; sourceTree = "<group>"; };
		44AEEA661DFF9B150049E704 /* MASConstraintMaker.h */ = {isa = PBXFileReference; fileEncoding = 4; lastKnownFileType = sourcecode.c.h; path = MASConstraintMaker.h; sourceTree = "<group>"; };
		44AEEA671DFF9B150049E704 /* MASConstraintMaker.m */ = {isa = PBXFileReference; fileEncoding = 4; lastKnownFileType = sourcecode.c.objc; path = MASConstraintMaker.m; sourceTree = "<group>"; };
		44AEEA681DFF9B150049E704 /* MASLayoutConstraint.h */ = {isa = PBXFileReference; fileEncoding = 4; lastKnownFileType = sourcecode.c.h; path = MASLayoutConstraint.h; sourceTree = "<group>"; };
		44AEEA691DFF9B150049E704 /* MASLayoutConstraint.m */ = {isa = PBXFileReference; fileEncoding = 4; lastKnownFileType = sourcecode.c.objc; path = MASLayoutConstraint.m; sourceTree = "<group>"; };
		44AEEA6A1DFF9B150049E704 /* Masonry.h */ = {isa = PBXFileReference; fileEncoding = 4; lastKnownFileType = sourcecode.c.h; path = Masonry.h; sourceTree = "<group>"; };
		44AEEA6B1DFF9B150049E704 /* MASUtilities.h */ = {isa = PBXFileReference; fileEncoding = 4; lastKnownFileType = sourcecode.c.h; path = MASUtilities.h; sourceTree = "<group>"; };
		44AEEA6C1DFF9B150049E704 /* MASViewAttribute.h */ = {isa = PBXFileReference; fileEncoding = 4; lastKnownFileType = sourcecode.c.h; path = MASViewAttribute.h; sourceTree = "<group>"; };
		44AEEA6D1DFF9B150049E704 /* MASViewAttribute.m */ = {isa = PBXFileReference; fileEncoding = 4; lastKnownFileType = sourcecode.c.objc; path = MASViewAttribute.m; sourceTree = "<group>"; };
		44AEEA6E1DFF9B150049E704 /* MASViewConstraint.h */ = {isa = PBXFileReference; fileEncoding = 4; lastKnownFileType = sourcecode.c.h; path = MASViewConstraint.h; sourceTree = "<group>"; };
		44AEEA6F1DFF9B150049E704 /* MASViewConstraint.m */ = {isa = PBXFileReference; fileEncoding = 4; lastKnownFileType = sourcecode.c.objc; path = MASViewConstraint.m; sourceTree = "<group>"; };
		44AEEA701DFF9B150049E704 /* NSArray+MASAdditions.h */ = {isa = PBXFileReference; fileEncoding = 4; lastKnownFileType = sourcecode.c.h; path = "NSArray+MASAdditions.h"; sourceTree = "<group>"; };
		44AEEA711DFF9B150049E704 /* NSArray+MASAdditions.m */ = {isa = PBXFileReference; fileEncoding = 4; lastKnownFileType = sourcecode.c.objc; path = "NSArray+MASAdditions.m"; sourceTree = "<group>"; };
		44AEEA721DFF9B150049E704 /* NSArray+MASShorthandAdditions.h */ = {isa = PBXFileReference; fileEncoding = 4; lastKnownFileType = sourcecode.c.h; path = "NSArray+MASShorthandAdditions.h"; sourceTree = "<group>"; };
		44AEEA731DFF9B150049E704 /* NSLayoutConstraint+MASDebugAdditions.h */ = {isa = PBXFileReference; fileEncoding = 4; lastKnownFileType = sourcecode.c.h; path = "NSLayoutConstraint+MASDebugAdditions.h"; sourceTree = "<group>"; };
		44AEEA741DFF9B150049E704 /* NSLayoutConstraint+MASDebugAdditions.m */ = {isa = PBXFileReference; fileEncoding = 4; lastKnownFileType = sourcecode.c.objc; path = "NSLayoutConstraint+MASDebugAdditions.m"; sourceTree = "<group>"; };
		44AEEA751DFF9B150049E704 /* View+MASAdditions.h */ = {isa = PBXFileReference; fileEncoding = 4; lastKnownFileType = sourcecode.c.h; path = "View+MASAdditions.h"; sourceTree = "<group>"; };
		44AEEA761DFF9B150049E704 /* View+MASAdditions.m */ = {isa = PBXFileReference; fileEncoding = 4; lastKnownFileType = sourcecode.c.objc; path = "View+MASAdditions.m"; sourceTree = "<group>"; };
		44AEEA771DFF9B150049E704 /* View+MASShorthandAdditions.h */ = {isa = PBXFileReference; fileEncoding = 4; lastKnownFileType = sourcecode.c.h; path = "View+MASShorthandAdditions.h"; sourceTree = "<group>"; };
		44AEEA781DFF9B150049E704 /* ViewController+MASAdditions.h */ = {isa = PBXFileReference; fileEncoding = 4; lastKnownFileType = sourcecode.c.h; path = "ViewController+MASAdditions.h"; sourceTree = "<group>"; };
		44AEEA791DFF9B150049E704 /* ViewController+MASAdditions.m */ = {isa = PBXFileReference; fileEncoding = 4; lastKnownFileType = sourcecode.c.objc; path = "ViewController+MASAdditions.m"; sourceTree = "<group>"; };
		44AEEA851DFF9BEC0049E704 /* Level_oneViewController.h */ = {isa = PBXFileReference; fileEncoding = 4; lastKnownFileType = sourcecode.c.h; path = Level_oneViewController.h; sourceTree = "<group>"; };
		44AEEA861DFF9BEC0049E704 /* Level_oneViewController.m */ = {isa = PBXFileReference; fileEncoding = 4; lastKnownFileType = sourcecode.c.objc; path = Level_oneViewController.m; sourceTree = "<group>"; };
		44AEEA881DFF9F730049E704 /* Level_twoViewController.h */ = {isa = PBXFileReference; fileEncoding = 4; lastKnownFileType = sourcecode.c.h; path = Level_twoViewController.h; sourceTree = "<group>"; };
		44AEEA891DFF9F730049E704 /* Level_twoViewController.m */ = {isa = PBXFileReference; fileEncoding = 4; lastKnownFileType = sourcecode.c.objc; path = Level_twoViewController.m; sourceTree = "<group>"; };
		44AEEA8B1DFF9F810049E704 /* Level_threeViewController.h */ = {isa = PBXFileReference; fileEncoding = 4; lastKnownFileType = sourcecode.c.h; path = Level_threeViewController.h; sourceTree = "<group>"; };
		44AEEA8C1DFF9F810049E704 /* Level_threeViewController.m */ = {isa = PBXFileReference; fileEncoding = 4; lastKnownFileType = sourcecode.c.objc; path = Level_threeViewController.m; sourceTree = "<group>"; };
		44AEEA8E1DFF9F8D0049E704 /* Level_fourViewController.h */ = {isa = PBXFileReference; fileEncoding = 4; lastKnownFileType = sourcecode.c.h; path = Level_fourViewController.h; sourceTree = "<group>"; };
		44AEEA8F1DFF9F8D0049E704 /* Level_fourViewController.m */ = {isa = PBXFileReference; fileEncoding = 4; lastKnownFileType = sourcecode.c.objc; path = Level_fourViewController.m; sourceTree = "<group>"; };
		44AEEA911DFFC59E0049E704 /* Level_one_itemOneViewController.h */ = {isa = PBXFileReference; fileEncoding = 4; lastKnownFileType = sourcecode.c.h; path = Level_one_itemOneViewController.h; sourceTree = "<group>"; };
		44AEEA921DFFC59E0049E704 /* Level_one_itemOneViewController.m */ = {isa = PBXFileReference; fileEncoding = 4; lastKnownFileType = sourcecode.c.objc; path = Level_one_itemOneViewController.m; sourceTree = "<group>"; };
		44AEEA941DFFCAEA0049E704 /* Level_one_itemTwoViewController.h */ = {isa = PBXFileReference; fileEncoding = 4; lastKnownFileType = sourcecode.c.h; path = Level_one_itemTwoViewController.h; sourceTree = "<group>"; };
		44AEEA951DFFCAEA0049E704 /* Level_one_itemTwoViewController.m */ = {isa = PBXFileReference; fileEncoding = 4; lastKnownFileType = sourcecode.c.objc; path = Level_one_itemTwoViewController.m; sourceTree = "<group>"; };
		44AEEA971DFFCF4F0049E704 /* Level_two_itemOneViewController.h */ = {isa = PBXFileReference; fileEncoding = 4; lastKnownFileType = sourcecode.c.h; path = Level_two_itemOneViewController.h; sourceTree = "<group>"; };
		44AEEA981DFFCF4F0049E704 /* Level_two_itemOneViewController.m */ = {isa = PBXFileReference; fileEncoding = 4; lastKnownFileType = sourcecode.c.objc; path = Level_two_itemOneViewController.m; sourceTree = "<group>"; };
		44AEEA9A1DFFDDA20049E704 /* Level_two_itemTwoViewController.h */ = {isa = PBXFileReference; fileEncoding = 4; lastKnownFileType = sourcecode.c.h; path = Level_two_itemTwoViewController.h; sourceTree = "<group>"; };
		44AEEA9B1DFFDDA20049E704 /* Level_two_itemTwoViewController.m */ = {isa = PBXFileReference; fileEncoding = 4; lastKnownFileType = sourcecode.c.objc; path = Level_two_itemTwoViewController.m; sourceTree = "<group>"; };
		44AEEAA01DFFEB1C0049E704 /* Level_two_itemThreeViewController.h */ = {isa = PBXFileReference; fileEncoding = 4; lastKnownFileType = sourcecode.c.h; path = Level_two_itemThreeViewController.h; sourceTree = "<group>"; };
		44AEEAA11DFFEB1C0049E704 /* Level_two_itemThreeViewController.m */ = {isa = PBXFileReference; fileEncoding = 4; lastKnownFileType = sourcecode.c.objc; path = Level_two_itemThreeViewController.m; sourceTree = "<group>"; };
		44AEEAA31DFFEFD60049E704 /* Level_two_itemFourViewController.h */ = {isa = PBXFileReference; fileEncoding = 4; lastKnownFileType = sourcecode.c.h; path = Level_two_itemFourViewController.h; sourceTree = "<group>"; };
		44AEEAA41DFFEFD60049E704 /* Level_two_itemFourViewController.m */ = {isa = PBXFileReference; fileEncoding = 4; lastKnownFileType = sourcecode.c.objc; path = Level_two_itemFourViewController.m; sourceTree = "<group>"; };
		44AEEAA61DFFF5E20049E704 /* Level_two_itemFiveViewController.h */ = {isa = PBXFileReference; fileEncoding = 4; lastKnownFileType = sourcecode.c.h; path = Level_two_itemFiveViewController.h; sourceTree = "<group>"; };
		44AEEAA71DFFF5E20049E704 /* Level_two_itemFiveViewController.m */ = {isa = PBXFileReference; fileEncoding = 4; lastKnownFileType = sourcecode.c.objc; path = Level_two_itemFiveViewController.m; sourceTree = "<group>"; };
		44AEEAA91E00092D0049E704 /* Level_two_itemSixViewController.h */ = {isa = PBXFileReference; fileEncoding = 4; lastKnownFileType = sourcecode.c.h; path = Level_two_itemSixViewController.h; sourceTree = "<group>"; };
		44AEEAAA1E00092D0049E704 /* Level_two_itemSixViewController.m */ = {isa = PBXFileReference; fileEncoding = 4; lastKnownFileType = sourcecode.c.objc; path = Level_two_itemSixViewController.m; sourceTree = "<group>"; };
		44AEEAB21E0150160049E704 /* Level_three_itemOneViewController.h */ = {isa = PBXFileReference; fileEncoding = 4; lastKnownFileType = sourcecode.c.h; path = Level_three_itemOneViewController.h; sourceTree = "<group>"; };
		44AEEAB31E0150160049E704 /* Level_three_itemOneViewController.m */ = {isa = PBXFileReference; fileEncoding = 4; lastKnownFileType = sourcecode.c.objc; path = Level_three_itemOneViewController.m; sourceTree = "<group>"; };
		44AEEAB51E01501F0049E704 /* Level_three_itemTwoViewController.h */ = {isa = PBXFileReference; fileEncoding = 4; lastKnownFileType = sourcecode.c.h; path = Level_three_itemTwoViewController.h; sourceTree = "<group>"; };
		44AEEAB61E01501F0049E704 /* Level_three_itemTwoViewController.m */ = {isa = PBXFileReference; fileEncoding = 4; lastKnownFileType = sourcecode.c.objc; path = Level_three_itemTwoViewController.m; sourceTree = "<group>"; };
		44C872541E07C9E200E72898 /* Level_four_itemOneViewController.h */ = {isa = PBXFileReference; fileEncoding = 4; lastKnownFileType = sourcecode.c.h; path = Level_four_itemOneViewController.h; sourceTree = "<group>"; };
		44C872551E07C9E200E72898 /* Level_four_itemOneViewController.m */ = {isa = PBXFileReference; fileEncoding = 4; lastKnownFileType = sourcecode.c.objc; path = Level_four_itemOneViewController.m; sourceTree = "<group>"; };
		44C872571E07C9EF00E72898 /* Level_four_itemTwoViewController.h */ = {isa = PBXFileReference; fileEncoding = 4; lastKnownFileType = sourcecode.c.h; path = Level_four_itemTwoViewController.h; sourceTree = "<group>"; };
		44C872581E07C9EF00E72898 /* Level_four_itemTwoViewController.m */ = {isa = PBXFileReference; fileEncoding = 4; lastKnownFileType = sourcecode.c.objc; path = Level_four_itemTwoViewController.m; sourceTree = "<group>"; };
		44C8725A1E07DA2200E72898 /* Level_four_itemThreeViewController.h */ = {isa = PBXFileReference; fileEncoding = 4; lastKnownFileType = sourcecode.c.h; path = Level_four_itemThreeViewController.h; sourceTree = "<group>"; };
		44C8725B1E07DA2200E72898 /* Level_four_itemThreeViewController.m */ = {isa = PBXFileReference; fileEncoding = 4; lastKnownFileType = sourcecode.c.objc; path = Level_four_itemThreeViewController.m; sourceTree = "<group>"; };
		44C872601E07E19600E72898 /* CountDown.h */ = {isa = PBXFileReference; fileEncoding = 4; lastKnownFileType = sourcecode.c.h; path = CountDown.h; sourceTree = "<group>"; };
		44C872611E07E19600E72898 /* CountDown.m */ = {isa = PBXFileReference; fileEncoding = 4; lastKnownFileType = sourcecode.c.objc; path = CountDown.m; sourceTree = "<group>"; };
/* End PBXFileReference section */

/* Begin PBXFrameworksBuildPhase section */
		44AEE9A41DFF986C0049E704 /* Frameworks */ = {
			isa = PBXFrameworksBuildPhase;
			buildActionMask = 2147483647;
			files = (
			);
			runOnlyForDeploymentPostprocessing = 0;
		};
		44AEE9BD1DFF986C0049E704 /* Frameworks */ = {
			isa = PBXFrameworksBuildPhase;
			buildActionMask = 2147483647;
			files = (
			);
			runOnlyForDeploymentPostprocessing = 0;
		};
/* End PBXFrameworksBuildPhase section */

/* Begin PBXGroup section */
		44AEE99E1DFF986C0049E704 = {
			isa = PBXGroup;
			children = (
				44AEE9A91DFF986C0049E704 /* Demo_Date */,
				44AEE9C31DFF986C0049E704 /* Demo_DateTests */,
				44AEE9A81DFF986C0049E704 /* Products */,
			);
			sourceTree = "<group>";
		};
		44AEE9A81DFF986C0049E704 /* Products */ = {
			isa = PBXGroup;
			children = (
				44AEE9A71DFF986C0049E704 /* Demo_Date.app */,
				44AEE9C01DFF986C0049E704 /* Demo_DateTests.xctest */,
			);
			name = Products;
			sourceTree = "<group>";
		};
		44AEE9A91DFF986C0049E704 /* Demo_Date */ = {
			isa = PBXGroup;
			children = (
				44AEEA281DFF9AAB0049E704 /* All */,
				44AEE9AA1DFF986C0049E704 /* Supporting Files */,
			);
			path = Demo_Date;
			sourceTree = "<group>";
		};
		44AEE9AA1DFF986C0049E704 /* Supporting Files */ = {
			isa = PBXGroup;
			children = (
				44AEE9B61DFF986C0049E704 /* Assets.xcassets */,
				44AEE9B81DFF986C0049E704 /* LaunchScreen.storyboard */,
				44AEE9BB1DFF986C0049E704 /* Info.plist */,
				44AEE9AB1DFF986C0049E704 /* main.m */,
			);
			name = "Supporting Files";
			sourceTree = "<group>";
		};
		44AEE9C31DFF986C0049E704 /* Demo_DateTests */ = {
			isa = PBXGroup;
			children = (
				44AEE9C41DFF986C0049E704 /* Demo_DateTests.m */,
				44AEE9C61DFF986C0049E704 /* Info.plist */,
			);
			path = Demo_DateTests;
			sourceTree = "<group>";
		};
		44AEEA281DFF9AAB0049E704 /* All */ = {
			isa = PBXGroup;
			children = (
				44AEEA291DFF9AAB0049E704 /* Category */,
				44AEEA2A1DFF9AAB0049E704 /* Classes */,
				44AEEA571DFF9AAB0049E704 /* Vender */,
			);
			path = All;
			sourceTree = "<group>";
		};
		44AEEA291DFF9AAB0049E704 /* Category */ = {
			isa = PBXGroup;
			children = (
			);
			path = Category;
			sourceTree = "<group>";
		};
		44AEEA2A1DFF9AAB0049E704 /* Classes */ = {
			isa = PBXGroup;
			children = (
				44AEEA2B1DFF9AAB0049E704 /* AppDelegate */,
				44AEEA2C1DFF9AAB0049E704 /* Main */,
				44AEEA561DFF9AAB0049E704 /* Other */,
			);
			path = Classes;
			sourceTree = "<group>";
		};
		44AEEA2B1DFF9AAB0049E704 /* AppDelegate */ = {
			isa = PBXGroup;
			children = (
				44AEEA591DFF9AE10049E704 /* AppDelegate.h */,
				44AEEA5A1DFF9AE10049E704 /* AppDelegate.m */,
			);
			path = AppDelegate;
			sourceTree = "<group>";
		};
		44AEEA2C1DFF9AAB0049E704 /* Main */ = {
			isa = PBXGroup;
			children = (
				44AEEA2D1DFF9AAB0049E704 /* FacingOne */,
				44AEEA381DFF9AAB0049E704 /* Level_one */,
				44AEEA4C1DFF9AAB0049E704 /* Level_two */,
				44AEEA421DFF9AAB0049E704 /* Level_three */,
				44AEEA2E1DFF9AAB0049E704 /* Level_four */,
			);
			path = Main;
			sourceTree = "<group>";
		};
		44AEEA2D1DFF9AAB0049E704 /* FacingOne */ = {
			isa = PBXGroup;
			children = (
				44AEEA5C1DFF9AF20049E704 /* MCMainViewController.h */,
				44AEEA5D1DFF9AF20049E704 /* MCMainViewController.m */,
			);
			path = FacingOne;
			sourceTree = "<group>";
		};
		44AEEA2E1DFF9AAB0049E704 /* Level_four */ = {
			isa = PBXGroup;
			children = (
				44AEEA2F1DFF9AAB0049E704 /* FacingOne */,
				44AEEA331DFF9AAB0049E704 /* Item_one */,
				44AEEA371DFF9AAB0049E704 /* Item_two */,
				44AEEA361DFF9AAB0049E704 /* Item_three */,
				44AEEA321DFF9AAB0049E704 /* Item_four */,
				44AEEA311DFF9AAB0049E704 /* Item_five */,
				44AEEA351DFF9AAB0049E704 /* Item_six */,
				44AEEA341DFF9AAB0049E704 /* Item_seven */,
				44AEEA301DFF9AAB0049E704 /* Item_eight */,
			);
			path = Level_four;
			sourceTree = "<group>";
		};
		44AEEA2F1DFF9AAB0049E704 /* FacingOne */ = {
			isa = PBXGroup;
			children = (
				44AEEA8E1DFF9F8D0049E704 /* Level_fourViewController.h */,
				44AEEA8F1DFF9F8D0049E704 /* Level_fourViewController.m */,
			);
			path = FacingOne;
			sourceTree = "<group>";
		};
		44AEEA301DFF9AAB0049E704 /* Item_eight */ = {
			isa = PBXGroup;
			children = (
			);
			path = Item_eight;
			sourceTree = "<group>";
		};
		44AEEA311DFF9AAB0049E704 /* Item_five */ = {
			isa = PBXGroup;
			children = (
			);
			path = Item_five;
			sourceTree = "<group>";
		};
		44AEEA321DFF9AAB0049E704 /* Item_four */ = {
			isa = PBXGroup;
			children = (
			);
			path = Item_four;
			sourceTree = "<group>";
		};
		44AEEA331DFF9AAB0049E704 /* Item_one */ = {
			isa = PBXGroup;
			children = (
				44C872541E07C9E200E72898 /* Level_four_itemOneViewController.h */,
				44C872551E07C9E200E72898 /* Level_four_itemOneViewController.m */,
			);
			path = Item_one;
			sourceTree = "<group>";
		};
		44AEEA341DFF9AAB0049E704 /* Item_seven */ = {
			isa = PBXGroup;
			children = (
			);
			path = Item_seven;
			sourceTree = "<group>";
		};
		44AEEA351DFF9AAB0049E704 /* Item_six */ = {
			isa = PBXGroup;
			children = (
			);
			path = Item_six;
			sourceTree = "<group>";
		};
		44AEEA361DFF9AAB0049E704 /* Item_three */ = {
			isa = PBXGroup;
			children = (
				44C8725A1E07DA2200E72898 /* Level_four_itemThreeViewController.h */,
				44C8725B1E07DA2200E72898 /* Level_four_itemThreeViewController.m */,
				4418C8FC1E0BE11A00A46629 /* Level_four_itemThreeCell.h */,
				4418C8FD1E0BE11A00A46629 /* Level_four_itemThreeCell.m */,
			);
			path = Item_three;
			sourceTree = "<group>";
		};
		44AEEA371DFF9AAB0049E704 /* Item_two */ = {
			isa = PBXGroup;
			children = (
				44C872571E07C9EF00E72898 /* Level_four_itemTwoViewController.h */,
				44C872581E07C9EF00E72898 /* Level_four_itemTwoViewController.m */,
			);
			path = Item_two;
			sourceTree = "<group>";
		};
		44AEEA381DFF9AAB0049E704 /* Level_one */ = {
			isa = PBXGroup;
			children = (
				44AEEA391DFF9AAB0049E704 /* FacingOne */,
				44AEEA3D1DFF9AAB0049E704 /* Item_one */,
				44AEEA411DFF9AAB0049E704 /* Item_two */,
				44AEEA401DFF9AAB0049E704 /* Item_three */,
				44AEEA3C1DFF9AAB0049E704 /* Item_four */,
				44AEEA3B1DFF9AAB0049E704 /* Item_five */,
				44AEEA3F1DFF9AAB0049E704 /* Item_six */,
				44AEEA3E1DFF9AAB0049E704 /* Item_seven */,
				44AEEA3A1DFF9AAB0049E704 /* Item_eight */,
			);
			path = Level_one;
			sourceTree = "<group>";
		};
		44AEEA391DFF9AAB0049E704 /* FacingOne */ = {
			isa = PBXGroup;
			children = (
				44AEEA851DFF9BEC0049E704 /* Level_oneViewController.h */,
				44AEEA861DFF9BEC0049E704 /* Level_oneViewController.m */,
			);
			path = FacingOne;
			sourceTree = "<group>";
		};
		44AEEA3A1DFF9AAB0049E704 /* Item_eight */ = {
			isa = PBXGroup;
			children = (
			);
			path = Item_eight;
			sourceTree = "<group>";
		};
		44AEEA3B1DFF9AAB0049E704 /* Item_five */ = {
			isa = PBXGroup;
			children = (
			);
			path = Item_five;
			sourceTree = "<group>";
		};
		44AEEA3C1DFF9AAB0049E704 /* Item_four */ = {
			isa = PBXGroup;
			children = (
			);
			path = Item_four;
			sourceTree = "<group>";
		};
		44AEEA3D1DFF9AAB0049E704 /* Item_one */ = {
			isa = PBXGroup;
			children = (
				44AEEA911DFFC59E0049E704 /* Level_one_itemOneViewController.h */,
				44AEEA921DFFC59E0049E704 /* Level_one_itemOneViewController.m */,
			);
			path = Item_one;
			sourceTree = "<group>";
		};
		44AEEA3E1DFF9AAB0049E704 /* Item_seven */ = {
			isa = PBXGroup;
			children = (
			);
			path = Item_seven;
			sourceTree = "<group>";
		};
		44AEEA3F1DFF9AAB0049E704 /* Item_six */ = {
			isa = PBXGroup;
			children = (
			);
			path = Item_six;
			sourceTree = "<group>";
		};
		44AEEA401DFF9AAB0049E704 /* Item_three */ = {
			isa = PBXGroup;
			children = (
			);
			path = Item_three;
			sourceTree = "<group>";
		};
		44AEEA411DFF9AAB0049E704 /* Item_two */ = {
			isa = PBXGroup;
			children = (
				44AEEA941DFFCAEA0049E704 /* Level_one_itemTwoViewController.h */,
				44AEEA951DFFCAEA0049E704 /* Level_one_itemTwoViewController.m */,
			);
			path = Item_two;
			sourceTree = "<group>";
		};
		44AEEA421DFF9AAB0049E704 /* Level_three */ = {
			isa = PBXGroup;
			children = (
				44AEEA431DFF9AAB0049E704 /* FacingOne */,
				44AEEA471DFF9AAB0049E704 /* Item_one */,
				44AEEA4B1DFF9AAB0049E704 /* Item_two */,
				44AEEA4A1DFF9AAB0049E704 /* Item_three */,
				44AEEA461DFF9AAB0049E704 /* Item_four */,
				44AEEA451DFF9AAB0049E704 /* Item_five */,
				44AEEA491DFF9AAB0049E704 /* Item_six */,
				44AEEA481DFF9AAB0049E704 /* Item_seven */,
				44AEEA441DFF9AAB0049E704 /* Item_eight */,
			);
			path = Level_three;
			sourceTree = "<group>";
		};
		44AEEA431DFF9AAB0049E704 /* FacingOne */ = {
			isa = PBXGroup;
			children = (
				44AEEA8B1DFF9F810049E704 /* Level_threeViewController.h */,
				44AEEA8C1DFF9F810049E704 /* Level_threeViewController.m */,
			);
			path = FacingOne;
			sourceTree = "<group>";
		};
		44AEEA441DFF9AAB0049E704 /* Item_eight */ = {
			isa = PBXGroup;
			children = (
			);
			path = Item_eight;
			sourceTree = "<group>";
		};
		44AEEA451DFF9AAB0049E704 /* Item_five */ = {
			isa = PBXGroup;
			children = (
			);
			path = Item_five;
			sourceTree = "<group>";
		};
		44AEEA461DFF9AAB0049E704 /* Item_four */ = {
			isa = PBXGroup;
			children = (
			);
			path = Item_four;
			sourceTree = "<group>";
		};
		44AEEA471DFF9AAB0049E704 /* Item_one */ = {
			isa = PBXGroup;
			children = (
				44AEEAB21E0150160049E704 /* Level_three_itemOneViewController.h */,
				44AEEAB31E0150160049E704 /* Level_three_itemOneViewController.m */,
			);
			path = Item_one;
			sourceTree = "<group>";
		};
		44AEEA481DFF9AAB0049E704 /* Item_seven */ = {
			isa = PBXGroup;
			children = (
			);
			path = Item_seven;
			sourceTree = "<group>";
		};
		44AEEA491DFF9AAB0049E704 /* Item_six */ = {
			isa = PBXGroup;
			children = (
			);
			path = Item_six;
			sourceTree = "<group>";
		};
		44AEEA4A1DFF9AAB0049E704 /* Item_three */ = {
			isa = PBXGroup;
			children = (
			);
			path = Item_three;
			sourceTree = "<group>";
		};
		44AEEA4B1DFF9AAB0049E704 /* Item_two */ = {
			isa = PBXGroup;
			children = (
				44AEEAB51E01501F0049E704 /* Level_three_itemTwoViewController.h */,
				44AEEAB61E01501F0049E704 /* Level_three_itemTwoViewController.m */,
			);
			path = Item_two;
			sourceTree = "<group>";
		};
		44AEEA4C1DFF9AAB0049E704 /* Level_two */ = {
			isa = PBXGroup;
			children = (
				44AEEA4D1DFF9AAB0049E704 /* FacingOne */,
				44AEEA511DFF9AAB0049E704 /* Item_one */,
				44AEEA551DFF9AAB0049E704 /* Item_two */,
				44AEEA541DFF9AAB0049E704 /* Item_three */,
				44AEEA501DFF9AAB0049E704 /* Item_four */,
				44AEEA4F1DFF9AAB0049E704 /* Item_five */,
				44AEEA531DFF9AAB0049E704 /* Item_six */,
				44AEEA521DFF9AAB0049E704 /* Item_seven */,
				44AEEA4E1DFF9AAB0049E704 /* Item_eight */,
			);
			path = Level_two;
			sourceTree = "<group>";
		};
		44AEEA4D1DFF9AAB0049E704 /* FacingOne */ = {
			isa = PBXGroup;
			children = (
				44AEEA881DFF9F730049E704 /* Level_twoViewController.h */,
				44AEEA891DFF9F730049E704 /* Level_twoViewController.m */,
			);
			path = FacingOne;
			sourceTree = "<group>";
		};
		44AEEA4E1DFF9AAB0049E704 /* Item_eight */ = {
			isa = PBXGroup;
			children = (
			);
			path = Item_eight;
			sourceTree = "<group>";
		};
		44AEEA4F1DFF9AAB0049E704 /* Item_five */ = {
			isa = PBXGroup;
			children = (
				44AEEAA61DFFF5E20049E704 /* Level_two_itemFiveViewController.h */,
				44AEEAA71DFFF5E20049E704 /* Level_two_itemFiveViewController.m */,
			);
			path = Item_five;
			sourceTree = "<group>";
		};
		44AEEA501DFF9AAB0049E704 /* Item_four */ = {
			isa = PBXGroup;
			children = (
				44AEEAA31DFFEFD60049E704 /* Level_two_itemFourViewController.h */,
				44AEEAA41DFFEFD60049E704 /* Level_two_itemFourViewController.m */,
			);
			path = Item_four;
			sourceTree = "<group>";
		};
		44AEEA511DFF9AAB0049E704 /* Item_one */ = {
			isa = PBXGroup;
			children = (
				44AEEA971DFFCF4F0049E704 /* Level_two_itemOneViewController.h */,
				44AEEA981DFFCF4F0049E704 /* Level_two_itemOneViewController.m */,
			);
			path = Item_one;
			sourceTree = "<group>";
		};
		44AEEA521DFF9AAB0049E704 /* Item_seven */ = {
			isa = PBXGroup;
			children = (
			);
			path = Item_seven;
			sourceTree = "<group>";
		};
		44AEEA531DFF9AAB0049E704 /* Item_six */ = {
			isa = PBXGroup;
			children = (
				44AEEAA91E00092D0049E704 /* Level_two_itemSixViewController.h */,
				44AEEAAA1E00092D0049E704 /* Level_two_itemSixViewController.m */,
			);
			path = Item_six;
			sourceTree = "<group>";
		};
		44AEEA541DFF9AAB0049E704 /* Item_three */ = {
			isa = PBXGroup;
			children = (
				44AEEAA01DFFEB1C0049E704 /* Level_two_itemThreeViewController.h */,
				44AEEAA11DFFEB1C0049E704 /* Level_two_itemThreeViewController.m */,
			);
			path = Item_three;
			sourceTree = "<group>";
		};
		44AEEA551DFF9AAB0049E704 /* Item_two */ = {
			isa = PBXGroup;
			children = (
				44AEEA9A1DFFDDA20049E704 /* Level_two_itemTwoViewController.h */,
				44AEEA9B1DFFDDA20049E704 /* Level_two_itemTwoViewController.m */,
			);
			path = Item_two;
			sourceTree = "<group>";
		};
		44AEEA561DFF9AAB0049E704 /* Other */ = {
			isa = PBXGroup;
			children = (
			);
			path = Other;
			sourceTree = "<group>";
		};
		44AEEA571DFF9AAB0049E704 /* Vender */ = {
			isa = PBXGroup;
			children = (
				44C8725F1E07E19600E72898 /* CountDown */,
				44AEEA5F1DFF9B150049E704 /* Masonry */,
			);
			path = Vender;
			sourceTree = "<group>";
		};
		44AEEA5F1DFF9B150049E704 /* Masonry */ = {
			isa = PBXGroup;
			children = (
				44AEEA601DFF9B150049E704 /* Info.plist */,
				44AEEA611DFF9B150049E704 /* MASCompositeConstraint.h */,
				44AEEA621DFF9B150049E704 /* MASCompositeConstraint.m */,
				44AEEA631DFF9B150049E704 /* MASConstraint+Private.h */,
				44AEEA641DFF9B150049E704 /* MASConstraint.h */,
				44AEEA651DFF9B150049E704 /* MASConstraint.m */,
				44AEEA661DFF9B150049E704 /* MASConstraintMaker.h */,
				44AEEA671DFF9B150049E704 /* MASConstraintMaker.m */,
				44AEEA681DFF9B150049E704 /* MASLayoutConstraint.h */,
				44AEEA691DFF9B150049E704 /* MASLayoutConstraint.m */,
				44AEEA6A1DFF9B150049E704 /* Masonry.h */,
				44AEEA6B1DFF9B150049E704 /* MASUtilities.h */,
				44AEEA6C1DFF9B150049E704 /* MASViewAttribute.h */,
				44AEEA6D1DFF9B150049E704 /* MASViewAttribute.m */,
				44AEEA6E1DFF9B150049E704 /* MASViewConstraint.h */,
				44AEEA6F1DFF9B150049E704 /* MASViewConstraint.m */,
				44AEEA701DFF9B150049E704 /* NSArray+MASAdditions.h */,
				44AEEA711DFF9B150049E704 /* NSArray+MASAdditions.m */,
				44AEEA721DFF9B150049E704 /* NSArray+MASShorthandAdditions.h */,
				44AEEA731DFF9B150049E704 /* NSLayoutConstraint+MASDebugAdditions.h */,
				44AEEA741DFF9B150049E704 /* NSLayoutConstraint+MASDebugAdditions.m */,
				44AEEA751DFF9B150049E704 /* View+MASAdditions.h */,
				44AEEA761DFF9B150049E704 /* View+MASAdditions.m */,
				44AEEA771DFF9B150049E704 /* View+MASShorthandAdditions.h */,
				44AEEA781DFF9B150049E704 /* ViewController+MASAdditions.h */,
				44AEEA791DFF9B150049E704 /* ViewController+MASAdditions.m */,
			);
			path = Masonry;
			sourceTree = "<group>";
		};
		44C8725F1E07E19600E72898 /* CountDown */ = {
			isa = PBXGroup;
			children = (
				44C872601E07E19600E72898 /* CountDown.h */,
				44C872611E07E19600E72898 /* CountDown.m */,
			);
			path = CountDown;
			sourceTree = "<group>";
		};
/* End PBXGroup section */

/* Begin PBXNativeTarget section */
		44AEE9A61DFF986C0049E704 /* Demo_Date */ = {
			isa = PBXNativeTarget;
			buildConfigurationList = 44AEE9C91DFF986C0049E704 /* Build configuration list for PBXNativeTarget "Demo_Date" */;
			buildPhases = (
				44AEE9A31DFF986C0049E704 /* Sources */,
				44AEE9A41DFF986C0049E704 /* Frameworks */,
				44AEE9A51DFF986C0049E704 /* Resources */,
			);
			buildRules = (
			);
			dependencies = (
			);
			name = Demo_Date;
			productName = Demo_Date;
			productReference = 44AEE9A71DFF986C0049E704 /* Demo_Date.app */;
			productType = "com.apple.product-type.application";
		};
		44AEE9BF1DFF986C0049E704 /* Demo_DateTests */ = {
			isa = PBXNativeTarget;
			buildConfigurationList = 44AEE9CC1DFF986C0049E704 /* Build configuration list for PBXNativeTarget "Demo_DateTests" */;
			buildPhases = (
				44AEE9BC1DFF986C0049E704 /* Sources */,
				44AEE9BD1DFF986C0049E704 /* Frameworks */,
				44AEE9BE1DFF986C0049E704 /* Resources */,
			);
			buildRules = (
			);
			dependencies = (
				44AEE9C21DFF986C0049E704 /* PBXTargetDependency */,
			);
			name = Demo_DateTests;
			productName = Demo_DateTests;
			productReference = 44AEE9C01DFF986C0049E704 /* Demo_DateTests.xctest */;
			productType = "com.apple.product-type.bundle.unit-test";
		};
/* End PBXNativeTarget section */

/* Begin PBXProject section */
		44AEE99F1DFF986C0049E704 /* Project object */ = {
			isa = PBXProject;
			attributes = {
				LastUpgradeCheck = 0810;
				ORGANIZATIONNAME = MC;
				TargetAttributes = {
					44AEE9A61DFF986C0049E704 = {
						CreatedOnToolsVersion = 8.1;
						ProvisioningStyle = Automatic;
					};
					44AEE9BF1DFF986C0049E704 = {
						CreatedOnToolsVersion = 8.1;
						ProvisioningStyle = Automatic;
						TestTargetID = 44AEE9A61DFF986C0049E704;
					};
				};
			};
			buildConfigurationList = 44AEE9A21DFF986C0049E704 /* Build configuration list for PBXProject "Demo_Date" */;
			compatibilityVersion = "Xcode 3.2";
			developmentRegion = English;
			hasScannedForEncodings = 0;
			knownRegions = (
				en,
				Base,
			);
			mainGroup = 44AEE99E1DFF986C0049E704;
			productRefGroup = 44AEE9A81DFF986C0049E704 /* Products */;
			projectDirPath = "";
			projectRoot = "";
			targets = (
				44AEE9A61DFF986C0049E704 /* Demo_Date */,
				44AEE9BF1DFF986C0049E704 /* Demo_DateTests */,
			);
		};
/* End PBXProject section */

/* Begin PBXResourcesBuildPhase section */
		44AEE9A51DFF986C0049E704 /* Resources */ = {
			isa = PBXResourcesBuildPhase;
			buildActionMask = 2147483647;
			files = (
				44AEE9BA1DFF986C0049E704 /* LaunchScreen.storyboard in Resources */,
				44AEE9B71DFF986C0049E704 /* Assets.xcassets in Resources */,
				44AEEA7A1DFF9B150049E704 /* Info.plist in Resources */,
			);
			runOnlyForDeploymentPostprocessing = 0;
		};
		44AEE9BE1DFF986C0049E704 /* Resources */ = {
			isa = PBXResourcesBuildPhase;
			buildActionMask = 2147483647;
			files = (
			);
			runOnlyForDeploymentPostprocessing = 0;
		};
/* End PBXResourcesBuildPhase section */

/* Begin PBXSourcesBuildPhase section */
		44AEE9A31DFF986C0049E704 /* Sources */ = {
			isa = PBXSourcesBuildPhase;
			buildActionMask = 2147483647;
			files = (
				44AEEAB71E01501F0049E704 /* Level_three_itemTwoViewController.m in Sources */,
				44AEEA991DFFCF4F0049E704 /* Level_two_itemOneViewController.m in Sources */,
				44C872591E07C9EF00E72898 /* Level_four_itemTwoViewController.m in Sources */,
				44AEEAAB1E00092D0049E704 /* Level_two_itemSixViewController.m in Sources */,
				44AEEA821DFF9B150049E704 /* NSLayoutConstraint+MASDebugAdditions.m in Sources */,
				44AEEA801DFF9B150049E704 /* MASViewConstraint.m in Sources */,
				44AEEA901DFF9F8D0049E704 /* Level_fourViewController.m in Sources */,
				44AEEA7B1DFF9B150049E704 /* MASCompositeConstraint.m in Sources */,
				44AEEA931DFFC59E0049E704 /* Level_one_itemOneViewController.m in Sources */,
				44C8725C1E07DA2200E72898 /* Level_four_itemThreeViewController.m in Sources */,
				44AEEA961DFFCAEA0049E704 /* Level_one_itemTwoViewController.m in Sources */,
				44AEEAA21DFFEB1C0049E704 /* Level_two_itemThreeViewController.m in Sources */,
				44AEEAA51DFFEFD60049E704 /* Level_two_itemFourViewController.m in Sources */,
				44C872561E07C9E200E72898 /* Level_four_itemOneViewController.m in Sources */,
				4418C8FE1E0BE11A00A46629 /* Level_four_itemThreeCell.m in Sources */,
				44AEEAA81DFFF5E20049E704 /* Level_two_itemFiveViewController.m in Sources */,
				44AEEA811DFF9B150049E704 /* NSArray+MASAdditions.m in Sources */,
				44AEEA8D1DFF9F810049E704 /* Level_threeViewController.m in Sources */,
				44AEEA5E1DFF9AF20049E704 /* MCMainViewController.m in Sources */,
				44C872621E07E19600E72898 /* CountDown.m in Sources */,
				44AEEA5B1DFF9AE10049E704 /* AppDelegate.m in Sources */,
				44AEEA7E1DFF9B150049E704 /* MASLayoutConstraint.m in Sources */,
				44AEEAB41E0150160049E704 /* Level_three_itemOneViewController.m in Sources */,
				44AEE9AC1DFF986C0049E704 /* main.m in Sources */,
				44AEEA841DFF9B150049E704 /* ViewController+MASAdditions.m in Sources */,
				44AEEA8A1DFF9F730049E704 /* Level_twoViewController.m in Sources */,
				44AEEA9C1DFFDDA20049E704 /* Level_two_itemTwoViewController.m in Sources */,
				44AEEA831DFF9B150049E704 /* View+MASAdditions.m in Sources */,
				44AEEA7F1DFF9B150049E704 /* MASViewAttribute.m in Sources */,
				44AEEA7C1DFF9B150049E704 /* MASConstraint.m in Sources */,
				44AEEA871DFF9BEC0049E704 /* Level_oneViewController.m in Sources */,
				44AEEA7D1DFF9B150049E704 /* MASConstraintMaker.m in Sources */,
			);
			runOnlyForDeploymentPostprocessing = 0;
		};
		44AEE9BC1DFF986C0049E704 /* Sources */ = {
			isa = PBXSourcesBuildPhase;
			buildActionMask = 2147483647;
			files = (
				44AEE9C51DFF986C0049E704 /* Demo_DateTests.m in Sources */,
			);
			runOnlyForDeploymentPostprocessing = 0;
		};
/* End PBXSourcesBuildPhase section */

/* Begin PBXTargetDependency section */
		44AEE9C21DFF986C0049E704 /* PBXTargetDependency */ = {
			isa = PBXTargetDependency;
			target = 44AEE9A61DFF986C0049E704 /* Demo_Date */;
			targetProxy = 44AEE9C11DFF986C0049E704 /* PBXContainerItemProxy */;
		};
/* End PBXTargetDependency section */

/* Begin PBXVariantGroup section */
		44AEE9B81DFF986C0049E704 /* LaunchScreen.storyboard */ = {
			isa = PBXVariantGroup;
			children = (
				44AEE9B91DFF986C0049E704 /* Base */,
			);
			name = LaunchScreen.storyboard;
			sourceTree = "<group>";
		};
/* End PBXVariantGroup section */

/* Begin XCBuildConfiguration section */
		44AEE9C71DFF986C0049E704 /* Debug */ = {
			isa = XCBuildConfiguration;
			buildSettings = {
				ALWAYS_SEARCH_USER_PATHS = NO;
				CLANG_ANALYZER_NONNULL = YES;
				CLANG_CXX_LANGUAGE_STANDARD = "gnu++0x";
				CLANG_CXX_LIBRARY = "libc++";
				CLANG_ENABLE_MODULES = YES;
				CLANG_ENABLE_OBJC_ARC = YES;
				CLANG_WARN_BOOL_CONVERSION = YES;
				CLANG_WARN_CONSTANT_CONVERSION = YES;
				CLANG_WARN_DIRECT_OBJC_ISA_USAGE = YES_ERROR;
				CLANG_WARN_DOCUMENTATION_COMMENTS = YES;
				CLANG_WARN_EMPTY_BODY = YES;
				CLANG_WARN_ENUM_CONVERSION = YES;
				CLANG_WARN_INFINITE_RECURSION = YES;
				CLANG_WARN_INT_CONVERSION = YES;
				CLANG_WARN_OBJC_ROOT_CLASS = YES_ERROR;
				CLANG_WARN_SUSPICIOUS_MOVES = YES;
				CLANG_WARN_UNREACHABLE_CODE = YES;
				CLANG_WARN__DUPLICATE_METHOD_MATCH = YES;
				"CODE_SIGN_IDENTITY[sdk=iphoneos*]" = "iPhone Developer";
				COPY_PHASE_STRIP = NO;
				DEBUG_INFORMATION_FORMAT = dwarf;
				ENABLE_STRICT_OBJC_MSGSEND = YES;
				ENABLE_TESTABILITY = YES;
				GCC_C_LANGUAGE_STANDARD = gnu99;
				GCC_DYNAMIC_NO_PIC = NO;
				GCC_NO_COMMON_BLOCKS = YES;
				GCC_OPTIMIZATION_LEVEL = 0;
				GCC_PREPROCESSOR_DEFINITIONS = (
					"DEBUG=1",
					"$(inherited)",
				);
				GCC_WARN_64_TO_32_BIT_CONVERSION = YES;
				GCC_WARN_ABOUT_RETURN_TYPE = YES_ERROR;
				GCC_WARN_UNDECLARED_SELECTOR = YES;
				GCC_WARN_UNINITIALIZED_AUTOS = YES_AGGRESSIVE;
				GCC_WARN_UNUSED_FUNCTION = YES;
				GCC_WARN_UNUSED_VARIABLE = YES;
				IPHONEOS_DEPLOYMENT_TARGET = 10.1;
				MTL_ENABLE_DEBUG_INFO = YES;
				ONLY_ACTIVE_ARCH = YES;
				SDKROOT = iphoneos;
			};
			name = Debug;
		};
		44AEE9C81DFF986C0049E704 /* Release */ = {
			isa = XCBuildConfiguration;
			buildSettings = {
				ALWAYS_SEARCH_USER_PATHS = NO;
				CLANG_ANALYZER_NONNULL = YES;
				CLANG_CXX_LANGUAGE_STANDARD = "gnu++0x";
				CLANG_CXX_LIBRARY = "libc++";
				CLANG_ENABLE_MODULES = YES;
				CLANG_ENABLE_OBJC_ARC = YES;
				CLANG_WARN_BOOL_CONVERSION = YES;
				CLANG_WARN_CONSTANT_CONVERSION = YES;
				CLANG_WARN_DIRECT_OBJC_ISA_USAGE = YES_ERROR;
				CLANG_WARN_DOCUMENTATION_COMMENTS = YES;
				CLANG_WARN_EMPTY_BODY = YES;
				CLANG_WARN_ENUM_CONVERSION = YES;
				CLANG_WARN_INFINITE_RECURSION = YES;
				CLANG_WARN_INT_CONVERSION = YES;
				CLANG_WARN_OBJC_ROOT_CLASS = YES_ERROR;
				CLANG_WARN_SUSPICIOUS_MOVES = YES;
				CLANG_WARN_UNREACHABLE_CODE = YES;
				CLANG_WARN__DUPLICATE_METHOD_MATCH = YES;
				"CODE_SIGN_IDENTITY[sdk=iphoneos*]" = "iPhone Developer";
				COPY_PHASE_STRIP = NO;
				DEBUG_INFORMATION_FORMAT = "dwarf-with-dsym";
				ENABLE_NS_ASSERTIONS = NO;
				ENABLE_STRICT_OBJC_MSGSEND = YES;
				GCC_C_LANGUAGE_STANDARD = gnu99;
				GCC_NO_COMMON_BLOCKS = YES;
				GCC_WARN_64_TO_32_BIT_CONVERSION = YES;
				GCC_WARN_ABOUT_RETURN_TYPE = YES_ERROR;
				GCC_WARN_UNDECLARED_SELECTOR = YES;
				GCC_WARN_UNINITIALIZED_AUTOS = YES_AGGRESSIVE;
				GCC_WARN_UNUSED_FUNCTION = YES;
				GCC_WARN_UNUSED_VARIABLE = YES;
				IPHONEOS_DEPLOYMENT_TARGET = 10.1;
				MTL_ENABLE_DEBUG_INFO = NO;
				SDKROOT = iphoneos;
				VALIDATE_PRODUCT = YES;
			};
			name = Release;
		};
		44AEE9CA1DFF986C0049E704 /* Debug */ = {
			isa = XCBuildConfiguration;
			buildSettings = {
				ASSETCATALOG_COMPILER_APPICON_NAME = AppIcon;
				INFOPLIST_FILE = Demo_Date/Info.plist;
				LD_RUNPATH_SEARCH_PATHS = "$(inherited) @executable_path/Frameworks";
				PRODUCT_BUNDLE_IDENTIFIER = "com.glela.Demo-Date";
				PRODUCT_NAME = "$(TARGET_NAME)";
			};
			name = Debug;
		};
		44AEE9CB1DFF986C0049E704 /* Release */ = {
			isa = XCBuildConfiguration;
			buildSettings = {
				ASSETCATALOG_COMPILER_APPICON_NAME = AppIcon;
				INFOPLIST_FILE = Demo_Date/Info.plist;
				LD_RUNPATH_SEARCH_PATHS = "$(inherited) @executable_path/Frameworks";
				PRODUCT_BUNDLE_IDENTIFIER = "com.glela.Demo-Date";
				PRODUCT_NAME = "$(TARGET_NAME)";
			};
			name = Release;
		};
		44AEE9CD1DFF986C0049E704 /* Debug */ = {
			isa = XCBuildConfiguration;
			buildSettings = {
				BUNDLE_LOADER = "$(TEST_HOST)";
				INFOPLIST_FILE = Demo_DateTests/Info.plist;
				LD_RUNPATH_SEARCH_PATHS = "$(inherited) @executable_path/Frameworks @loader_path/Frameworks";
				PRODUCT_BUNDLE_IDENTIFIER = "com.glela.Demo-DateTests";
				PRODUCT_NAME = "$(TARGET_NAME)";
				TEST_HOST = "$(BUILT_PRODUCTS_DIR)/Demo_Date.app/Demo_Date";
			};
			name = Debug;
		};
		44AEE9CE1DFF986C0049E704 /* Release */ = {
			isa = XCBuildConfiguration;
			buildSettings = {
				BUNDLE_LOADER = "$(TEST_HOST)";
				INFOPLIST_FILE = Demo_DateTests/Info.plist;
				LD_RUNPATH_SEARCH_PATHS = "$(inherited) @executable_path/Frameworks @loader_path/Frameworks";
				PRODUCT_BUNDLE_IDENTIFIER = "com.glela.Demo-DateTests";
				PRODUCT_NAME = "$(TARGET_NAME)";
				TEST_HOST = "$(BUILT_PRODUCTS_DIR)/Demo_Date.app/Demo_Date";
			};
			name = Release;
		};
/* End XCBuildConfiguration section */

/* Begin XCConfigurationList section */
		44AEE9A21DFF986C0049E704 /* Build configuration list for PBXProject "Demo_Date" */ = {
			isa = XCConfigurationList;
			buildConfigurations = (
				44AEE9C71DFF986C0049E704 /* Debug */,
				44AEE9C81DFF986C0049E704 /* Release */,
			);
			defaultConfigurationIsVisible = 0;
			defaultConfigurationName = Release;
		};
		44AEE9C91DFF986C0049E704 /* Build configuration list for PBXNativeTarget "Demo_Date" */ = {
			isa = XCConfigurationList;
			buildConfigurations = (
				44AEE9CA1DFF986C0049E704 /* Debug */,
				44AEE9CB1DFF986C0049E704 /* Release */,
			);
			defaultConfigurationIsVisible = 0;
			defaultConfigurationName = Release;
		};
		44AEE9CC1DFF986C0049E704 /* Build configuration list for PBXNativeTarget "Demo_DateTests" */ = {
			isa = XCConfigurationList;
			buildConfigurations = (
				44AEE9CD1DFF986C0049E704 /* Debug */,
				44AEE9CE1DFF986C0049E704 /* Release */,
			);
			defaultConfigurationIsVisible = 0;
			defaultConfigurationName = Release;
		};
/* End XCConfigurationList section */
	};
	rootObject = 44AEE99F1DFF986C0049E704 /* Project object */;
}
